
Microsoft Visual Studio Solution File, Format Version 12.00
# Visual Studio Version 16
VisualStudioVersion = 16.0.30114.105
MinimumVisualStudioVersion = 10.0.40219.1
Project("{FAE04EC0-301F-11D3-BF4B-00C04F79EFBC}") = "xUnitTestTools", "xUnitTestTools\xUnitTestTools.csproj", "{920ABE23-EBA6-4D03-AE9D-9606523848C1}"
EndProject
Project("{FAE04EC0-301F-11D3-BF4B-00C04F79EFBC}") = "xUnitTestTools.Tests", "xUnitTestTools.Tests\xUnitTestTools.Tests.csproj", "{AF5759C9-90AD-4722-8042-6EE23285FE77}"
EndProject
Global
	GlobalSection(SolutionConfigurationPlatforms) = preSolution
		Debug|Any CPU = Debug|Any CPU
		Release|Any CPU = Release|Any CPU
	EndGlobalSection
	GlobalSection(ProjectConfigurationPlatforms) = postSolution
		{920ABE23-EBA6-4D03-AE9D-9606523848C1}.Debug|Any CPU.ActiveCfg = Debug|Any CPU
		{920ABE23-EBA6-4D03-AE9D-9606523848C1}.Debug|Any CPU.Build.0 = Debug|Any CPU
		{920ABE23-EBA6-4D03-AE9D-9606523848C1}.Release|Any CPU.ActiveCfg = Release|Any CPU
		{920ABE23-EBA6-4D03-AE9D-9606523848C1}.Release|Any CPU.Build.0 = Release|Any CPU
		{AF5759C9-90AD-4722-8042-6EE23285FE77}.Debug|Any CPU.ActiveCfg = Debug|Any CPU
		{AF5759C9-90AD-4722-8042-6EE23285FE77}.Debug|Any CPU.Build.0 = Debug|Any CPU
		{AF5759C9-90AD-4722-8042-6EE23285FE77}.Release|Any CPU.ActiveCfg = Release|Any CPU
		{AF5759C9-90AD-4722-8042-6EE23285FE77}.Release|Any CPU.Build.0 = Release|Any CPU
	EndGlobalSection
	GlobalSection(SolutionProperties) = preSolution
		HideSolutionNode = FALSE
	EndGlobalSection
	GlobalSection(ExtensibilityGlobals) = postSolution
		SolutionGuid = {14466196-AFFB-40DB-8F55-85D891B8E71F}
	EndGlobalSection
EndGlobal
